
Microsoft Visual Studio Solution File, Format Version 12.00
# Visual Studio Version 17
VisualStudioVersion = 17.10.34928.147
MinimumVisualStudioVersion = 10.0.40219.1
Project("{FAE04EC0-301F-11D3-BF4B-00C04F79EFBC}") = "ClimateControlKondi", "ClimateControlKondi\ClimateControlKondi.csproj", "{0E0F6483-B492-4620-9667-28BF53DC9CEB}"
EndProject
Project("{FAE04EC0-301F-11D3-BF4B-00C04F79EFBC}") = "Wpf_Manager", "Wpf_Manager\Wpf_Manager.csproj", "{A41A38BA-F2DA-455D-BDA9-7E6C84CFABBF}"
EndProject
Global
	GlobalSection(SolutionConfigurationPlatforms) = preSolution
		Debug|Any CPU = Debug|Any CPU
		Release|Any CPU = Release|Any CPU
	EndGlobalSection
	GlobalSection(ProjectConfigurationPlatforms) = postSolution
		{0E0F6483-B492-4620-9667-28BF53DC9CEB}.Debug|Any CPU.ActiveCfg = Debug|Any CPU
		{0E0F6483-B492-4620-9667-28BF53DC9CEB}.Debug|Any CPU.Build.0 = Debug|Any CPU
		{0E0F6483-B492-4620-9667-28BF53DC9CEB}.Release|Any CPU.ActiveCfg = Release|Any CPU
		{0E0F6483-B492-4620-9667-28BF53DC9CEB}.Release|Any CPU.Build.0 = Release|Any CPU
		{A41A38BA-F2DA-455D-BDA9-7E6C84CFABBF}.Debug|Any CPU.ActiveCfg = Debug|Any CPU
		{A41A38BA-F2DA-455D-BDA9-7E6C84CFABBF}.Debug|Any CPU.Build.0 = Debug|Any CPU
		{A41A38BA-F2DA-455D-BDA9-7E6C84CFABBF}.Release|Any CPU.ActiveCfg = Release|Any CPU
		{A41A38BA-F2DA-455D-BDA9-7E6C84CFABBF}.Release|Any CPU.Build.0 = Release|Any CPU
	EndGlobalSection
	GlobalSection(SolutionProperties) = preSolution
		HideSolutionNode = FALSE
	EndGlobalSection
	GlobalSection(ExtensibilityGlobals) = postSolution
		SolutionGuid = {00E60AAA-76DD-432E-96DA-75D54D934574}
	EndGlobalSection
EndGlobal
